// !$*UTF8*$!
{
	archiveVersion = 1;
	classes = {
	};
	objectVersion = 50;
	objects = {

/* Begin PBXBuildFile section */
		882C903225B6D71E004E7092 /* Animation.swift in Sources */ = {isa = PBXBuildFile; fileRef = 882C901525B6D71E004E7092 /* Animation.swift */; };
		882C903325B6D71E004E7092 /* CAKeyframeAnimation+Extension.swift in Sources */ = {isa = PBXBuildFile; fileRef = 882C901625B6D71E004E7092 /* CAKeyframeAnimation+Extension.swift */; };
		882C903425B6D71E004E7092 /* CAMediaTimingFunction+Extension.swift in Sources */ = {isa = PBXBuildFile; fileRef = 882C901725B6D71E004E7092 /* CAMediaTimingFunction+Extension.swift */; };
		882C903525B6D71E004E7092 /* CATransaction+Extension.swift in Sources */ = {isa = PBXBuildFile; fileRef = 882C901825B6D71E004E7092 /* CATransaction+Extension.swift */; };
		882C903625B6D71E004E7092 /* CGPath+SVG.swift in Sources */ = {isa = PBXBuildFile; fileRef = 882C901925B6D71E004E7092 /* CGPath+SVG.swift */; };
		882C903725B6D71E004E7092 /* NSMutableParagraphStyle+Extension.swift in Sources */ = {isa = PBXBuildFile; fileRef = 882C901A25B6D71E004E7092 /* NSMutableParagraphStyle+Extension.swift */; };
		882C903825B6D71E004E7092 /* NSShadow+Extension.swift in Sources */ = {isa = PBXBuildFile; fileRef = 882C901B25B6D71E004E7092 /* NSShadow+Extension.swift */; };
		882C903925B6D71E004E7092 /* ShapeView.swift in Sources */ = {isa = PBXBuildFile; fileRef = 882C901C25B6D71E004E7092 /* ShapeView.swift */; };
		882C903A25B6D71E004E7092 /* Sound.swift in Sources */ = {isa = PBXBuildFile; fileRef = 882C901D25B6D71E004E7092 /* Sound.swift */; };
		882C903B25B6D71E004E7092 /* TextView.swift in Sources */ = {isa = PBXBuildFile; fileRef = 882C901E25B6D71E004E7092 /* TextView.swift */; };
		882C903C25B6D71E004E7092 /* Timeline.swift in Sources */ = {isa = PBXBuildFile; fileRef = 882C901F25B6D71E004E7092 /* Timeline.swift */; };
		882C903D25B6D71E004E7092 /* UIImage+Extension.swift in Sources */ = {isa = PBXBuildFile; fileRef = 882C902025B6D71E004E7092 /* UIImage+Extension.swift */; };
		882C903E25B6D71E004E7092 /* UIView+Extension.swift in Sources */ = {isa = PBXBuildFile; fileRef = 882C902125B6D71E004E7092 /* UIView+Extension.swift */; };
		882C905925B6D750004E7092 /* ActivityIndicators.swift in Sources */ = {isa = PBXBuildFile; fileRef = 882C904825B6D750004E7092 /* ActivityIndicators.swift */; };
		882C905A25B6D750004E7092 /* ActivityIndicatorView.swift in Sources */ = {isa = PBXBuildFile; fileRef = 882C904925B6D750004E7092 /* ActivityIndicatorView.swift */; };
		882C905B25B6D750004E7092 /* DashedActivityIndicatorView.swift in Sources */ = {isa = PBXBuildFile; fileRef = 882C904A25B6D750004E7092 /* DashedActivityIndicatorView.swift */; };
		882C905C25B6D750004E7092 /* DashedTimeline.swift in Sources */ = {isa = PBXBuildFile; fileRef = 882C904B25B6D750004E7092 /* DashedTimeline.swift */; };
		882C905D25B6D750004E7092 /* DashedView.swift in Sources */ = {isa = PBXBuildFile; fileRef = 882C904C25B6D750004E7092 /* DashedView.swift */; };
		882C905E25B6D750004E7092 /* InfinityActivityIndicatorView.swift in Sources */ = {isa = PBXBuildFile; fileRef = 882C904E25B6D750004E7092 /* InfinityActivityIndicatorView.swift */; };
		882C905F25B6D750004E7092 /* InfinityTimeline.swift in Sources */ = {isa = PBXBuildFile; fileRef = 882C904F25B6D750004E7092 /* InfinityTimeline.swift */; };
		882C906025B6D750004E7092 /* InfinityView.swift in Sources */ = {isa = PBXBuildFile; fileRef = 882C905025B6D750004E7092 /* InfinityView.swift */; };
		882C906125B6D750004E7092 /* QuarbitActivityIndicatorView.swift in Sources */ = {isa = PBXBuildFile; fileRef = 882C905225B6D750004E7092 /* QuarbitActivityIndicatorView.swift */; };
		882C906225B6D750004E7092 /* QuarbitTimeline.swift in Sources */ = {isa = PBXBuildFile; fileRef = 882C905325B6D750004E7092 /* QuarbitTimeline.swift */; };
		882C906325B6D750004E7092 /* QuarbitView.swift in Sources */ = {isa = PBXBuildFile; fileRef = 882C905425B6D750004E7092 /* QuarbitView.swift */; };
		882C906425B6D750004E7092 /* RipleyActivityIndicatorView.swift in Sources */ = {isa = PBXBuildFile; fileRef = 882C905625B6D750004E7092 /* RipleyActivityIndicatorView.swift */; };
		882C906525B6D750004E7092 /* RipleyTimeline.swift in Sources */ = {isa = PBXBuildFile; fileRef = 882C905725B6D750004E7092 /* RipleyTimeline.swift */; };
		882C906625B6D750004E7092 /* RipleyView.swift in Sources */ = {isa = PBXBuildFile; fileRef = 882C905825B6D750004E7092 /* RipleyView.swift */; };
		88A1C4672594BFB000D18EC8 /* AppDelegate.swift in Sources */ = {isa = PBXBuildFile; fileRef = 88A1C4662594BFB000D18EC8 /* AppDelegate.swift */; };
		88A1C46B2594BFB000D18EC8 /* ViewController.swift in Sources */ = {isa = PBXBuildFile; fileRef = 88A1C46A2594BFB000D18EC8 /* ViewController.swift */; };
		88A1C46E2594BFB000D18EC8 /* Main.storyboard in Resources */ = {isa = PBXBuildFile; fileRef = 88A1C46C2594BFB000D18EC8 /* Main.storyboard */; };
		88A1C4702594BFB200D18EC8 /* Assets.xcassets in Resources */ = {isa = PBXBuildFile; fileRef = 88A1C46F2594BFB200D18EC8 /* Assets.xcassets */; };
		88A1C4732594BFB200D18EC8 /* LaunchScreen.storyboard in Resources */ = {isa = PBXBuildFile; fileRef = 88A1C4712594BFB200D18EC8 /* LaunchScreen.storyboard */; };
		88C41E2025B7067200893CE7 /* LoadingHud.swift in Sources */ = {isa = PBXBuildFile; fileRef = 88C41E1C25B7067200893CE7 /* LoadingHud.swift */; };
/* End PBXBuildFile section */

/* Begin PBXFileReference section */
		882C901525B6D71E004E7092 /* Animation.swift */ = {isa = PBXFileReference; fileEncoding = 4; lastKnownFileType = sourcecode.swift; path = Animation.swift; sourceTree = "<group>"; };
		882C901625B6D71E004E7092 /* CAKeyframeAnimation+Extension.swift */ = {isa = PBXFileReference; fileEncoding = 4; lastKnownFileType = sourcecode.swift; path = "CAKeyframeAnimation+Extension.swift"; sourceTree = "<group>"; };
		882C901725B6D71E004E7092 /* CAMediaTimingFunction+Extension.swift */ = {isa = PBXFileReference; fileEncoding = 4; lastKnownFileType = sourcecode.swift; path = "CAMediaTimingFunction+Extension.swift"; sourceTree = "<group>"; };
		882C901825B6D71E004E7092 /* CATransaction+Extension.swift */ = {isa = PBXFileReference; fileEncoding = 4; lastKnownFileType = sourcecode.swift; path = "CATransaction+Extension.swift"; sourceTree = "<group>"; };
		882C901925B6D71E004E7092 /* CGPath+SVG.swift */ = {isa = PBXFileReference; fileEncoding = 4; lastKnownFileType = sourcecode.swift; path = "CGPath+SVG.swift"; sourceTree = "<group>"; };
		882C901A25B6D71E004E7092 /* NSMutableParagraphStyle+Extension.swift */ = {isa = PBXFileReference; fileEncoding = 4; lastKnownFileType = sourcecode.swift; path = "NSMutableParagraphStyle+Extension.swift"; sourceTree = "<group>"; };
		882C901B25B6D71E004E7092 /* NSShadow+Extension.swift */ = {isa = PBXFileReference; fileEncoding = 4; lastKnownFileType = sourcecode.swift; path = "NSShadow+Extension.swift"; sourceTree = "<group>"; };
		882C901C25B6D71E004E7092 /* ShapeView.swift */ = {isa = PBXFileReference; fileEncoding = 4; lastKnownFileType = sourcecode.swift; path = ShapeView.swift; sourceTree = "<group>"; };
		882C901D25B6D71E004E7092 /* Sound.swift */ = {isa = PBXFileReference; fileEncoding = 4; lastKnownFileType = sourcecode.swift; path = Sound.swift; sourceTree = "<group>"; };
		882C901E25B6D71E004E7092 /* TextView.swift */ = {isa = PBXFileReference; fileEncoding = 4; lastKnownFileType = sourcecode.swift; path = TextView.swift; sourceTree = "<group>"; };
		882C901F25B6D71E004E7092 /* Timeline.swift */ = {isa = PBXFileReference; fileEncoding = 4; lastKnownFileType = sourcecode.swift; path = Timeline.swift; sourceTree = "<group>"; };
		882C902025B6D71E004E7092 /* UIImage+Extension.swift */ = {isa = PBXFileReference; fileEncoding = 4; lastKnownFileType = sourcecode.swift; path = "UIImage+Extension.swift"; sourceTree = "<group>"; };
		882C902125B6D71E004E7092 /* UIView+Extension.swift */ = {isa = PBXFileReference; fileEncoding = 4; lastKnownFileType = sourcecode.swift; path = "UIView+Extension.swift"; sourceTree = "<group>"; };
		882C904825B6D750004E7092 /* ActivityIndicators.swift */ = {isa = PBXFileReference; fileEncoding = 4; lastKnownFileType = sourcecode.swift; path = ActivityIndicators.swift; sourceTree = "<group>"; };
		882C904925B6D750004E7092 /* ActivityIndicatorView.swift */ = {isa = PBXFileReference; fileEncoding = 4; lastKnownFileType = sourcecode.swift; path = ActivityIndicatorView.swift; sourceTree = "<group>"; };
		882C904A25B6D750004E7092 /* DashedActivityIndicatorView.swift */ = {isa = PBXFileReference; fileEncoding = 4; lastKnownFileType = sourcecode.swift; path = DashedActivityIndicatorView.swift; sourceTree = "<group>"; };
		882C904B25B6D750004E7092 /* DashedTimeline.swift */ = {isa = PBXFileReference; fileEncoding = 4; lastKnownFileType = sourcecode.swift; path = DashedTimeline.swift; sourceTree = "<group>"; };
		882C904C25B6D750004E7092 /* DashedView.swift */ = {isa = PBXFileReference; fileEncoding = 4; lastKnownFileType = sourcecode.swift; path = DashedView.swift; sourceTree = "<group>"; };
		882C904E25B6D750004E7092 /* InfinityActivityIndicatorView.swift */ = {isa = PBXFileReference; fileEncoding = 4; lastKnownFileType = sourcecode.swift; path = InfinityActivityIndicatorView.swift; sourceTree = "<group>"; };
		882C904F25B6D750004E7092 /* InfinityTimeline.swift */ = {isa = PBXFileReference; fileEncoding = 4; lastKnownFileType = sourcecode.swift; path = InfinityTimeline.swift; sourceTree = "<group>"; };
		882C905025B6D750004E7092 /* InfinityView.swift */ = {isa = PBXFileReference; fileEncoding = 4; lastKnownFileType = sourcecode.swift; path = InfinityView.swift; sourceTree = "<group>"; };
		882C905225B6D750004E7092 /* QuarbitActivityIndicatorView.swift */ = {isa = PBXFileReference; fileEncoding = 4; lastKnownFileType = sourcecode.swift; path = QuarbitActivityIndicatorView.swift; sourceTree = "<group>"; };
		882C905325B6D750004E7092 /* QuarbitTimeline.swift */ = {isa = PBXFileReference; fileEncoding = 4; lastKnownFileType = sourcecode.swift; path = QuarbitTimeline.swift; sourceTree = "<group>"; };
		882C905425B6D750004E7092 /* QuarbitView.swift */ = {isa = PBXFileReference; fileEncoding = 4; lastKnownFileType = sourcecode.swift; path = QuarbitView.swift; sourceTree = "<group>"; };
		882C905625B6D750004E7092 /* RipleyActivityIndicatorView.swift */ = {isa = PBXFileReference; fileEncoding = 4; lastKnownFileType = sourcecode.swift; path = RipleyActivityIndicatorView.swift; sourceTree = "<group>"; };
		882C905725B6D750004E7092 /* RipleyTimeline.swift */ = {isa = PBXFileReference; fileEncoding = 4; lastKnownFileType = sourcecode.swift; path = RipleyTimeline.swift; sourceTree = "<group>"; };
		882C905825B6D750004E7092 /* RipleyView.swift */ = {isa = PBXFileReference; fileEncoding = 4; lastKnownFileType = sourcecode.swift; path = RipleyView.swift; sourceTree = "<group>"; };
		88A1C4632594BFB000D18EC8 /* WaitLoadingPro.app */ = {isa = PBXFileReference; explicitFileType = wrapper.application; includeInIndex = 0; path = WaitLoadingPro.app; sourceTree = BUILT_PRODUCTS_DIR; };
		88A1C4662594BFB000D18EC8 /* AppDelegate.swift */ = {isa = PBXFileReference; lastKnownFileType = sourcecode.swift; path = AppDelegate.swift; sourceTree = "<group>"; };
		88A1C46A2594BFB000D18EC8 /* ViewController.swift */ = {isa = PBXFileReference; lastKnownFileType = sourcecode.swift; path = ViewController.swift; sourceTree = "<group>"; };
		88A1C46D2594BFB000D18EC8 /* Base */ = {isa = PBXFileReference; lastKnownFileType = file.storyboard; name = Base; path = Base.lproj/Main.storyboard; sourceTree = "<group>"; };
		88A1C46F2594BFB200D18EC8 /* Assets.xcassets */ = {isa = PBXFileReference; lastKnownFileType = folder.assetcatalog; path = Assets.xcassets; sourceTree = "<group>"; };
		88A1C4722594BFB200D18EC8 /* Base */ = {isa = PBXFileReference; lastKnownFileType = file.storyboard; name = Base; path = Base.lproj/LaunchScreen.storyboard; sourceTree = "<group>"; };
		88A1C4742594BFB200D18EC8 /* Info.plist */ = {isa = PBXFileReference; lastKnownFileType = text.plist.xml; path = Info.plist; sourceTree = "<group>"; };
		88C41E1C25B7067200893CE7 /* LoadingHud.swift */ = {isa = PBXFileReference; fileEncoding = 4; lastKnownFileType = sourcecode.swift; path = LoadingHud.swift; sourceTree = "<group>"; };
/* End PBXFileReference section */

/* Begin PBXFrameworksBuildPhase section */
		88A1C4602594BFB000D18EC8 /* Frameworks */ = {
			isa = PBXFrameworksBuildPhase;
			buildActionMask = 2147483647;
			files = (
			);
			runOnlyForDeploymentPostprocessing = 0;
		};
/* End PBXFrameworksBuildPhase section */

/* Begin PBXGroup section */
		882C900825B6D71E004E7092 /* Source */ = {
			isa = PBXGroup;
			children = (
				882C900D25B6D71E004E7092 /* LoadingHUD */,
			);
			path = Source;
			sourceTree = "<group>";
		};
		882C900D25B6D71E004E7092 /* LoadingHUD */ = {
			isa = PBXGroup;
			children = (
				88C41E1C25B7067200893CE7 /* LoadingHud.swift */,
				882C904625B6D750004E7092 /* Types */,
				882C901425B6D71E004E7092 /* FlowCommon */,
			);
			path = LoadingHUD;
			sourceTree = "<group>";
		};
		882C901425B6D71E004E7092 /* FlowCommon */ = {
			isa = PBXGroup;
			children = (
				882C901525B6D71E004E7092 /* Animation.swift */,
				882C901625B6D71E004E7092 /* CAKeyframeAnimation+Extension.swift */,
				882C901725B6D71E004E7092 /* CAMediaTimingFunction+Extension.swift */,
				882C901825B6D71E004E7092 /* CATransaction+Extension.swift */,
				882C901925B6D71E004E7092 /* CGPath+SVG.swift */,
				882C901A25B6D71E004E7092 /* NSMutableParagraphStyle+Extension.swift */,
				882C901B25B6D71E004E7092 /* NSShadow+Extension.swift */,
				882C901C25B6D71E004E7092 /* ShapeView.swift */,
				882C901D25B6D71E004E7092 /* Sound.swift */,
				882C901E25B6D71E004E7092 /* TextView.swift */,
				882C901F25B6D71E004E7092 /* Timeline.swift */,
				882C902025B6D71E004E7092 /* UIImage+Extension.swift */,
				882C902125B6D71E004E7092 /* UIView+Extension.swift */,
			);
			path = FlowCommon;
			sourceTree = "<group>";
		};
		882C904625B6D750004E7092 /* Types */ = {
			isa = PBXGroup;
			children = (
				882C904725B6D750004E7092 /* Dashed */,
				882C904D25B6D750004E7092 /* Infinity */,
				882C905125B6D750004E7092 /* Quarbit */,
				882C905525B6D750004E7092 /* Ripley */,
			);
			path = Types;
			sourceTree = "<group>";
		};
		882C904725B6D750004E7092 /* Dashed */ = {
			isa = PBXGroup;
			children = (
				882C904825B6D750004E7092 /* ActivityIndicators.swift */,
				882C904925B6D750004E7092 /* ActivityIndicatorView.swift */,
				882C904A25B6D750004E7092 /* DashedActivityIndicatorView.swift */,
				882C904B25B6D750004E7092 /* DashedTimeline.swift */,
				882C904C25B6D750004E7092 /* DashedView.swift */,
			);
			path = Dashed;
			sourceTree = "<group>";
		};
		882C904D25B6D750004E7092 /* Infinity */ = {
			isa = PBXGroup;
			children = (
				882C904E25B6D750004E7092 /* InfinityActivityIndicatorView.swift */,
				882C904F25B6D750004E7092 /* InfinityTimeline.swift */,
				882C905025B6D750004E7092 /* InfinityView.swift */,
			);
			path = Infinity;
			sourceTree = "<group>";
		};
		882C905125B6D750004E7092 /* Quarbit */ = {
			isa = PBXGroup;
			children = (
				882C905225B6D750004E7092 /* QuarbitActivityIndicatorView.swift */,
				882C905325B6D750004E7092 /* QuarbitTimeline.swift */,
				882C905425B6D750004E7092 /* QuarbitView.swift */,
			);
			path = Quarbit;
			sourceTree = "<group>";
		};
		882C905525B6D750004E7092 /* Ripley */ = {
			isa = PBXGroup;
			children = (
				882C905625B6D750004E7092 /* RipleyActivityIndicatorView.swift */,
				882C905725B6D750004E7092 /* RipleyTimeline.swift */,
				882C905825B6D750004E7092 /* RipleyView.swift */,
			);
			path = Ripley;
			sourceTree = "<group>";
		};
		88A1C45A2594BFB000D18EC8 = {
			isa = PBXGroup;
			children = (
				88A1C4652594BFB000D18EC8 /* WaitLoadingPro */,
				88A1C4642594BFB000D18EC8 /* Products */,
			);
			sourceTree = "<group>";
		};
		88A1C4642594BFB000D18EC8 /* Products */ = {
			isa = PBXGroup;
			children = (
				88A1C4632594BFB000D18EC8 /* WaitLoadingPro.app */,
			);
			name = Products;
			sourceTree = "<group>";
		};
		88A1C4652594BFB000D18EC8 /* WaitLoadingPro */ = {
			isa = PBXGroup;
			children = (
				882C900825B6D71E004E7092 /* Source */,
				88A1C4662594BFB000D18EC8 /* AppDelegate.swift */,
				88A1C46A2594BFB000D18EC8 /* ViewController.swift */,
				88A1C46C2594BFB000D18EC8 /* Main.storyboard */,
				88A1C46F2594BFB200D18EC8 /* Assets.xcassets */,
				88A1C4712594BFB200D18EC8 /* LaunchScreen.storyboard */,
				88A1C4742594BFB200D18EC8 /* Info.plist */,
			);
			path = WaitLoadingPro;
			sourceTree = "<group>";
		};
/* End PBXGroup section */

/* Begin PBXNativeTarget section */
		88A1C4622594BFB000D18EC8 /* WaitLoadingPro */ = {
			isa = PBXNativeTarget;
			buildConfigurationList = 88A1C4772594BFB200D18EC8 /* Build configuration list for PBXNativeTarget "WaitLoadingPro" */;
			buildPhases = (
				88A1C45F2594BFB000D18EC8 /* Sources */,
				88A1C4602594BFB000D18EC8 /* Frameworks */,
				88A1C4612594BFB000D18EC8 /* Resources */,
			);
			buildRules = (
			);
			dependencies = (
			);
			name = WaitLoadingPro;
			productName = WaitLoadingPro;
			productReference = 88A1C4632594BFB000D18EC8 /* WaitLoadingPro.app */;
			productType = "com.apple.product-type.application";
		};
/* End PBXNativeTarget section */

/* Begin PBXProject section */
		88A1C45B2594BFB000D18EC8 /* Project object */ = {
			isa = PBXProject;
			attributes = {
				LastSwiftUpdateCheck = 1220;
				LastUpgradeCheck = 1220;
				TargetAttributes = {
					88A1C4622594BFB000D18EC8 = {
						CreatedOnToolsVersion = 12.2;
					};
				};
			};
			buildConfigurationList = 88A1C45E2594BFB000D18EC8 /* Build configuration list for PBXProject "WaitLoadingPro" */;
			compatibilityVersion = "Xcode 9.3";
			developmentRegion = en;
			hasScannedForEncodings = 0;
			knownRegions = (
				en,
				Base,
			);
			mainGroup = 88A1C45A2594BFB000D18EC8;
			productRefGroup = 88A1C4642594BFB000D18EC8 /* Products */;
			projectDirPath = "";
			projectRoot = "";
			targets = (
				88A1C4622594BFB000D18EC8 /* WaitLoadingPro */,
			);
		};
/* End PBXProject section */

/* Begin PBXResourcesBuildPhase section */
		88A1C4612594BFB000D18EC8 /* Resources */ = {
			isa = PBXResourcesBuildPhase;
			buildActionMask = 2147483647;
			files = (
				88A1C4732594BFB200D18EC8 /* LaunchScreen.storyboard in Resources */,
				88A1C4702594BFB200D18EC8 /* Assets.xcassets in Resources */,
				88A1C46E2594BFB000D18EC8 /* Main.storyboard in Resources */,
			);
			runOnlyForDeploymentPostprocessing = 0;
		};
/* End PBXResourcesBuildPhase section */

/* Begin PBXSourcesBuildPhase section */
		88A1C45F2594BFB000D18EC8 /* Sources */ = {
			isa = PBXSourcesBuildPhase;
			buildActionMask = 2147483647;
			files = (
				882C903725B6D71E004E7092 /* NSMutableParagraphStyle+Extension.swift in Sources */,
				882C906025B6D750004E7092 /* InfinityView.swift in Sources */,
				882C903925B6D71E004E7092 /* ShapeView.swift in Sources */,
				882C905925B6D750004E7092 /* ActivityIndicators.swift in Sources */,
				88A1C46B2594BFB000D18EC8 /* ViewController.swift in Sources */,
				882C903C25B6D71E004E7092 /* Timeline.swift in Sources */,
				882C903525B6D71E004E7092 /* CATransaction+Extension.swift in Sources */,
				882C903B25B6D71E004E7092 /* TextView.swift in Sources */,
				882C903625B6D71E004E7092 /* CGPath+SVG.swift in Sources */,
				88C41E2025B7067200893CE7 /* LoadingHud.swift in Sources */,
				882C906325B6D750004E7092 /* QuarbitView.swift in Sources */,
				882C903D25B6D71E004E7092 /* UIImage+Extension.swift in Sources */,
				882C905C25B6D750004E7092 /* DashedTimeline.swift in Sources */,
				882C905F25B6D750004E7092 /* InfinityTimeline.swift in Sources */,
				882C905D25B6D750004E7092 /* DashedView.swift in Sources */,
				88A1C4672594BFB000D18EC8 /* AppDelegate.swift in Sources */,
				882C903E25B6D71E004E7092 /* UIView+Extension.swift in Sources */,
				882C906525B6D750004E7092 /* RipleyTimeline.swift in Sources */,
				882C906425B6D750004E7092 /* RipleyActivityIndicatorView.swift in Sources */,
				882C906225B6D750004E7092 /* QuarbitTimeline.swift in Sources */,
				882C903225B6D71E004E7092 /* Animation.swift in Sources */,
				882C905B25B6D750004E7092 /* DashedActivityIndicatorView.swift in Sources */,
				882C903325B6D71E004E7092 /* CAKeyframeAnimation+Extension.swift in Sources */,
				882C903A25B6D71E004E7092 /* Sound.swift in Sources */,
				882C905A25B6D750004E7092 /* ActivityIndicatorView.swift in Sources */,
				882C903825B6D71E004E7092 /* NSShadow+Extension.swift in Sources */,
				882C906625B6D750004E7092 /* RipleyView.swift in Sources */,
				882C905E25B6D750004E7092 /* InfinityActivityIndicatorView.swift in Sources */,
				882C903425B6D71E004E7092 /* CAMediaTimingFunction+Extension.swift in Sources */,
				882C906125B6D750004E7092 /* QuarbitActivityIndicatorView.swift in Sources */,
			);
			runOnlyForDeploymentPostprocessing = 0;
		};
/* End PBXSourcesBuildPhase section */

/* Begin PBXVariantGroup section */
		88A1C46C2594BFB000D18EC8 /* Main.storyboard */ = {
			isa = PBXVariantGroup;
			children = (
				88A1C46D2594BFB000D18EC8 /* Base */,
			);
			name = Main.storyboard;
			sourceTree = "<group>";
		};
		88A1C4712594BFB200D18EC8 /* LaunchScreen.storyboard */ = {
			isa = PBXVariantGroup;
			children = (
				88A1C4722594BFB200D18EC8 /* Base */,
			);
			name = LaunchScreen.storyboard;
			sourceTree = "<group>";
		};
/* End PBXVariantGroup section */

/* Begin XCBuildConfiguration section */
		88A1C4752594BFB200D18EC8 /* Debug */ = {
			isa = XCBuildConfiguration;
			buildSettings = {
				ALWAYS_SEARCH_USER_PATHS = NO;
				CLANG_ANALYZER_NONNULL = YES;
				CLANG_ANALYZER_NUMBER_OBJECT_CONVERSION = YES_AGGRESSIVE;
				CLANG_CXX_LANGUAGE_STANDARD = "gnu++14";
				CLANG_CXX_LIBRARY = "libc++";
				CLANG_ENABLE_MODULES = YES;
				CLANG_ENABLE_OBJC_ARC = YES;
				CLANG_ENABLE_OBJC_WEAK = YES;
				CLANG_WARN_BLOCK_CAPTURE_AUTORELEASING = YES;
				CLANG_WARN_BOOL_CONVERSION = YES;
				CLANG_WARN_COMMA = YES;
				CLANG_WARN_CONSTANT_CONVERSION = YES;
				CLANG_WARN_DEPRECATED_OBJC_IMPLEMENTATIONS = YES;
				CLANG_WARN_DIRECT_OBJC_ISA_USAGE = YES_ERROR;
				CLANG_WARN_DOCUMENTATION_COMMENTS = YES;
				CLANG_WARN_EMPTY_BODY = YES;
				CLANG_WARN_ENUM_CONVERSION = YES;
				CLANG_WARN_INFINITE_RECURSION = YES;
				CLANG_WARN_INT_CONVERSION = YES;
				CLANG_WARN_NON_LITERAL_NULL_CONVERSION = YES;
				CLANG_WARN_OBJC_IMPLICIT_RETAIN_SELF = YES;
				CLANG_WARN_OBJC_LITERAL_CONVERSION = YES;
				CLANG_WARN_OBJC_ROOT_CLASS = YES_ERROR;
				CLANG_WARN_QUOTED_INCLUDE_IN_FRAMEWORK_HEADER = YES;
				CLANG_WARN_RANGE_LOOP_ANALYSIS = YES;
				CLANG_WARN_STRICT_PROTOTYPES = YES;
				CLANG_WARN_SUSPICIOUS_MOVE = YES;
				CLANG_WARN_UNGUARDED_AVAILABILITY = YES_AGGRESSIVE;
				CLANG_WARN_UNREACHABLE_CODE = YES;
				CLANG_WARN__DUPLICATE_METHOD_MATCH = YES;
				COPY_PHASE_STRIP = NO;
				DEBUG_INFORMATION_FORMAT = dwarf;
				ENABLE_STRICT_OBJC_MSGSEND = YES;
				ENABLE_TESTABILITY = YES;
				GCC_C_LANGUAGE_STANDARD = gnu11;
				GCC_DYNAMIC_NO_PIC = NO;
				GCC_NO_COMMON_BLOCKS = YES;
				GCC_OPTIMIZATION_LEVEL = 0;
				GCC_PREPROCESSOR_DEFINITIONS = (
					"DEBUG=1",
					"$(inherited)",
				);
				GCC_WARN_64_TO_32_BIT_CONVERSION = YES;
				GCC_WARN_ABOUT_RETURN_TYPE = YES_ERROR;
				GCC_WARN_UNDECLARED_SELECTOR = YES;
				GCC_WARN_UNINITIALIZED_AUTOS = YES_AGGRESSIVE;
				GCC_WARN_UNUSED_FUNCTION = YES;
				GCC_WARN_UNUSED_VARIABLE = YES;
				IPHONEOS_DEPLOYMENT_TARGET = 14.2;
				MTL_ENABLE_DEBUG_INFO = INCLUDE_SOURCE;
				MTL_FAST_MATH = YES;
				ONLY_ACTIVE_ARCH = YES;
				SDKROOT = iphoneos;
				SWIFT_ACTIVE_COMPILATION_CONDITIONS = DEBUG;
				SWIFT_OPTIMIZATION_LEVEL = "-Onone";
			};
			name = Debug;
		};
		88A1C4762594BFB200D18EC8 /* Release */ = {
			isa = XCBuildConfiguration;
			buildSettings = {
				ALWAYS_SEARCH_USER_PATHS = NO;
				CLANG_ANALYZER_NONNULL = YES;
				CLANG_ANALYZER_NUMBER_OBJECT_CONVERSION = YES_AGGRESSIVE;
				CLANG_CXX_LANGUAGE_STANDARD = "gnu++14";
				CLANG_CXX_LIBRARY = "libc++";
				CLANG_ENABLE_MODULES = YES;
				CLANG_ENABLE_OBJC_ARC = YES;
				CLANG_ENABLE_OBJC_WEAK = YES;
				CLANG_WARN_BLOCK_CAPTURE_AUTORELEASING = YES;
				CLANG_WARN_BOOL_CONVERSION = YES;
				CLANG_WARN_COMMA = YES;
				CLANG_WARN_CONSTANT_CONVERSION = YES;
				CLANG_WARN_DEPRECATED_OBJC_IMPLEMENTATIONS = YES;
				CLANG_WARN_DIRECT_OBJC_ISA_USAGE = YES_ERROR;
				CLANG_WARN_DOCUMENTATION_COMMENTS = YES;
				CLANG_WARN_EMPTY_BODY = YES;
				CLANG_WARN_ENUM_CONVERSION = YES;
				CLANG_WARN_INFINITE_RECURSION = YES;
				CLANG_WARN_INT_CONVERSION = YES;
				CLANG_WARN_NON_LITERAL_NULL_CONVERSION = YES;
				CLANG_WARN_OBJC_IMPLICIT_RETAIN_SELF = YES;
				CLANG_WARN_OBJC_LITERAL_CONVERSION = YES;
				CLANG_WARN_OBJC_ROOT_CLASS = YES_ERROR;
				CLANG_WARN_QUOTED_INCLUDE_IN_FRAMEWORK_HEADER = YES;
				CLANG_WARN_RANGE_LOOP_ANALYSIS = YES;
				CLANG_WARN_STRICT_PROTOTYPES = YES;
				CLANG_WARN_SUSPICIOUS_MOVE = YES;
				CLANG_WARN_UNGUARDED_AVAILABILITY = YES_AGGRESSIVE;
				CLANG_WARN_UNREACHABLE_CODE = YES;
				CLANG_WARN__DUPLICATE_METHOD_MATCH = YES;
				COPY_PHASE_STRIP = NO;
				DEBUG_INFORMATION_FORMAT = "dwarf-with-dsym";
				ENABLE_NS_ASSERTIONS = NO;
				ENABLE_STRICT_OBJC_MSGSEND = YES;
				GCC_C_LANGUAGE_STANDARD = gnu11;
				GCC_NO_COMMON_BLOCKS = YES;
				GCC_WARN_64_TO_32_BIT_CONVERSION = YES;
				GCC_WARN_ABOUT_RETURN_TYPE = YES_ERROR;
				GCC_WARN_UNDECLARED_SELECTOR = YES;
				GCC_WARN_UNINITIALIZED_AUTOS = YES_AGGRESSIVE;
				GCC_WARN_UNUSED_FUNCTION = YES;
				GCC_WARN_UNUSED_VARIABLE = YES;
				IPHONEOS_DEPLOYMENT_TARGET = 14.2;
				MTL_ENABLE_DEBUG_INFO = NO;
				MTL_FAST_MATH = YES;
				SDKROOT = iphoneos;
				SWIFT_COMPILATION_MODE = wholemodule;
				SWIFT_OPTIMIZATION_LEVEL = "-O";
				VALIDATE_PRODUCT = YES;
			};
			name = Release;
		};
		88A1C4782594BFB200D18EC8 /* Debug */ = {
			isa = XCBuildConfiguration;
			buildSettings = {
				ASSETCATALOG_COMPILER_APPICON_NAME = AppIcon;
				ASSETCATALOG_COMPILER_GLOBAL_ACCENT_COLOR_NAME = AccentColor;
				CODE_SIGN_STYLE = Manual;
				DEVELOPMENT_TEAM = "";
				INFOPLIST_FILE = WaitLoadingPro/Info.plist;
				IPHONEOS_DEPLOYMENT_TARGET = 12.0;
				LD_RUNPATH_SEARCH_PATHS = (
					"$(inherited)",
					"@executable_path/Frameworks",
				);
				PRODUCT_BUNDLE_IDENTIFIER = com.el.WaitLoadingPro;
				PRODUCT_NAME = "$(TARGET_NAME)";
				PROVISIONING_PROFILE_SPECIFIER = "";
				SWIFT_VERSION = 4.2;
				TARGETED_DEVICE_FAMILY = "1,2";
			};
			name = Debug;
		};
		88A1C4792594BFB200D18EC8 /* Release */ = {
			isa = XCBuildConfiguration;
			buildSettings = {
				ASSETCATALOG_COMPILER_APPICON_NAME = AppIcon;
				ASSETCATALOG_COMPILER_GLOBAL_ACCENT_COLOR_NAME = AccentColor;
				CODE_SIGN_STYLE = Manual;
				DEVELOPMENT_TEAM = "";
				INFOPLIST_FILE = WaitLoadingPro/Info.plist;
				IPHONEOS_DEPLOYMENT_TARGET = 12.0;
				LD_RUNPATH_SEARCH_PATHS = (
					"$(inherited)",
					"@executable_path/Frameworks",
				);
				PRODUCT_BUNDLE_IDENTIFIER = com.el.WaitLoadingPro;
				PRODUCT_NAME = "$(TARGET_NAME)";
				PROVISIONING_PROFILE_SPECIFIER = "";
				SWIFT_VERSION = 4.2;
				TARGETED_DEVICE_FAMILY = "1,2";
			};
			name = Release;
		};
/* End XCBuildConfiguration section */

/* Begin XCConfigurationList section */
		88A1C45E2594BFB000D18EC8 /* Build configuration list for PBXProject "WaitLoadingPro" */ = {
			isa = XCConfigurationList;
			buildConfigurations = (
				88A1C4752594BFB200D18EC8 /* Debug */,
				88A1C4762594BFB200D18EC8 /* Release */,
			);
			defaultConfigurationIsVisible = 0;
			defaultConfigurationName = Release;
		};
		88A1C4772594BFB200D18EC8 /* Build configuration list for PBXNativeTarget "WaitLoadingPro" */ = {
			isa = XCConfigurationList;
			buildConfigurations = (
				88A1C4782594BFB200D18EC8 /* Debug */,
				88A1C4792594BFB200D18EC8 /* Release */,
			);
			defaultConfigurationIsVisible = 0;
			defaultConfigurationName = Release;
		};
/* End XCConfigurationList section */
	};
	rootObject = 88A1C45B2594BFB000D18EC8 /* Project object */;
}
